
Microsoft Visual Studio Solution File, Format Version 12.00
# Visual Studio Version 17
VisualStudioVersion = 17.14.36616.10
MinimumVisualStudioVersion = 10.0.40219.1
Project("{FAE04EC0-301F-11D3-BF4B-00C04F79EFBC}") = "FurnitureERP", "FurnitureERP\FurnitureERP.csproj", "{60B62420-4D14-418C-92C0-B4EF5D32C010}"
EndProject
Project("{FAE04EC0-301F-11D3-BF4B-00C04F79EFBC}") = "FurnitureERP.Domain", "FurnitureERP.Domain\FurnitureERP.Domain.csproj", "{73235D49-4B9F-4215-BC68-B45A5ADD9730}"
EndProject
Project("{FAE04EC0-301F-11D3-BF4B-00C04F79EFBC}") = "FurnitureERP.Application", "FurnitureERP.Application\FurnitureERP.Application.csproj", "{C0501336-721E-458D-9CF8-A9E756B99ACF}"
EndProject
Project("{FAE04EC0-301F-11D3-BF4B-00C04F79EFBC}") = "FurnitureERP.Infrastructure", "FurnitureERP.Infrastructure\FurnitureERP.Infrastructure.csproj", "{E8701C64-FAF6-4338-A783-D98CF95EF026}"
EndProject
Project("{FAE04EC0-301F-11D3-BF4B-00C04F79EFBC}") = "FurnitureERP.Tests", "FurnitureERP.Tests\FurnitureERP.Tests.csproj", "{8A97C225-DD6B-4DF4-9F7B-EAE50E83D3E3}"
EndProject
Global
	GlobalSection(SolutionConfigurationPlatforms) = preSolution
		Debug|Any CPU = Debug|Any CPU
		Debug|x64 = Debug|x64
		Debug|x86 = Debug|x86
		Release|Any CPU = Release|Any CPU
		Release|x64 = Release|x64
		Release|x86 = Release|x86
	EndGlobalSection
	GlobalSection(ProjectConfigurationPlatforms) = postSolution
		{60B62420-4D14-418C-92C0-B4EF5D32C010}.Debug|Any CPU.ActiveCfg = Debug|Any CPU
		{60B62420-4D14-418C-92C0-B4EF5D32C010}.Debug|Any CPU.Build.0 = Debug|Any CPU
		{60B62420-4D14-418C-92C0-B4EF5D32C010}.Debug|x64.ActiveCfg = Debug|Any CPU
		{60B62420-4D14-418C-92C0-B4EF5D32C010}.Debug|x64.Build.0 = Debug|Any CPU
		{60B62420-4D14-418C-92C0-B4EF5D32C010}.Debug|x86.ActiveCfg = Debug|Any CPU
		{60B62420-4D14-418C-92C0-B4EF5D32C010}.Debug|x86.Build.0 = Debug|Any CPU
		{60B62420-4D14-418C-92C0-B4EF5D32C010}.Release|Any CPU.ActiveCfg = Release|Any CPU
		{60B62420-4D14-418C-92C0-B4EF5D32C010}.Release|Any CPU.Build.0 = Release|Any CPU
		{60B62420-4D14-418C-92C0-B4EF5D32C010}.Release|x64.ActiveCfg = Release|Any CPU
		{60B62420-4D14-418C-92C0-B4EF5D32C010}.Release|x64.Build.0 = Release|Any CPU
		{60B62420-4D14-418C-92C0-B4EF5D32C010}.Release|x86.ActiveCfg = Release|Any CPU
		{60B62420-4D14-418C-92C0-B4EF5D32C010}.Release|x86.Build.0 = Release|Any CPU
		{73235D49-4B9F-4215-BC68-B45A5ADD9730}.Debug|Any CPU.ActiveCfg = Debug|Any CPU
		{73235D49-4B9F-4215-BC68-B45A5ADD9730}.Debug|Any CPU.Build.0 = Debug|Any CPU
		{73235D49-4B9F-4215-BC68-B45A5ADD9730}.Debug|x64.ActiveCfg = Debug|Any CPU
		{73235D49-4B9F-4215-BC68-B45A5ADD9730}.Debug|x64.Build.0 = Debug|Any CPU
		{73235D49-4B9F-4215-BC68-B45A5ADD9730}.Debug|x86.ActiveCfg = Debug|Any CPU
		{73235D49-4B9F-4215-BC68-B45A5ADD9730}.Debug|x86.Build.0 = Debug|Any CPU
		{73235D49-4B9F-4215-BC68-B45A5ADD9730}.Release|Any CPU.ActiveCfg = Release|Any CPU
		{73235D49-4B9F-4215-BC68-B45A5ADD9730}.Release|Any CPU.Build.0 = Release|Any CPU
		{73235D49-4B9F-4215-BC68-B45A5ADD9730}.Release|x64.ActiveCfg = Release|Any CPU
		{73235D49-4B9F-4215-BC68-B45A5ADD9730}.Release|x64.Build.0 = Release|Any CPU
		{73235D49-4B9F-4215-BC68-B45A5ADD9730}.Release|x86.ActiveCfg = Release|Any CPU
		{73235D49-4B9F-4215-BC68-B45A5ADD9730}.Release|x86.Build.0 = Release|Any CPU
		{C0501336-721E-458D-9CF8-A9E756B99ACF}.Debug|Any CPU.ActiveCfg = Debug|Any CPU
		{C0501336-721E-458D-9CF8-A9E756B99ACF}.Debug|Any CPU.Build.0 = Debug|Any CPU
		{C0501336-721E-458D-9CF8-A9E756B99ACF}.Debug|x64.ActiveCfg = Debug|Any CPU
		{C0501336-721E-458D-9CF8-A9E756B99ACF}.Debug|x64.Build.0 = Debug|Any CPU
		{C0501336-721E-458D-9CF8-A9E756B99ACF}.Debug|x86.ActiveCfg = Debug|Any CPU
		{C0501336-721E-458D-9CF8-A9E756B99ACF}.Debug|x86.Build.0 = Debug|Any CPU
		{C0501336-721E-458D-9CF8-A9E756B99ACF}.Release|Any CPU.ActiveCfg = Release|Any CPU
		{C0501336-721E-458D-9CF8-A9E756B99ACF}.Release|Any CPU.Build.0 = Release|Any CPU
		{C0501336-721E-458D-9CF8-A9E756B99ACF}.Release|x64.ActiveCfg = Release|Any CPU
		{C0501336-721E-458D-9CF8-A9E756B99ACF}.Release|x64.Build.0 = Release|Any CPU
		{C0501336-721E-458D-9CF8-A9E756B99ACF}.Release|x86.ActiveCfg = Release|Any CPU
		{C0501336-721E-458D-9CF8-A9E756B99ACF}.Release|x86.Build.0 = Release|Any CPU
		{E8701C64-FAF6-4338-A783-D98CF95EF026}.Debug|Any CPU.ActiveCfg = Debug|Any CPU
		{E8701C64-FAF6-4338-A783-D98CF95EF026}.Debug|Any CPU.Build.0 = Debug|Any CPU
		{E8701C64-FAF6-4338-A783-D98CF95EF026}.Debug|x64.ActiveCfg = Debug|Any CPU
		{E8701C64-FAF6-4338-A783-D98CF95EF026}.Debug|x64.Build.0 = Debug|Any CPU
		{E8701C64-FAF6-4338-A783-D98CF95EF026}.Debug|x86.ActiveCfg = Debug|Any CPU
		{E8701C64-FAF6-4338-A783-D98CF95EF026}.Debug|x86.Build.0 = Debug|Any CPU
		{E8701C64-FAF6-4338-A783-D98CF95EF026}.Release|Any CPU.ActiveCfg = Release|Any CPU
		{E8701C64-FAF6-4338-A783-D98CF95EF026}.Release|Any CPU.Build.0 = Release|Any CPU
		{E8701C64-FAF6-4338-A783-D98CF95EF026}.Release|x64.ActiveCfg = Release|Any CPU
		{E8701C64-FAF6-4338-A783-D98CF95EF026}.Release|x64.Build.0 = Release|Any CPU
		{E8701C64-FAF6-4338-A783-D98CF95EF026}.Release|x86.ActiveCfg = Release|Any CPU
		{E8701C64-FAF6-4338-A783-D98CF95EF026}.Release|x86.Build.0 = Release|Any CPU
		{8A97C225-DD6B-4DF4-9F7B-EAE50E83D3E3}.Debug|Any CPU.ActiveCfg = Debug|Any CPU
		{8A97C225-DD6B-4DF4-9F7B-EAE50E83D3E3}.Debug|Any CPU.Build.0 = Debug|Any CPU
		{8A97C225-DD6B-4DF4-9F7B-EAE50E83D3E3}.Debug|x64.ActiveCfg = Debug|Any CPU
		{8A97C225-DD6B-4DF4-9F7B-EAE50E83D3E3}.Debug|x64.Build.0 = Debug|Any CPU
		{8A97C225-DD6B-4DF4-9F7B-EAE50E83D3E3}.Debug|x86.ActiveCfg = Debug|Any CPU
		{8A97C225-DD6B-4DF4-9F7B-EAE50E83D3E3}.Debug|x86.Build.0 = Debug|Any CPU
		{8A97C225-DD6B-4DF4-9F7B-EAE50E83D3E3}.Release|Any CPU.ActiveCfg = Release|Any CPU
		{8A97C225-DD6B-4DF4-9F7B-EAE50E83D3E3}.Release|Any CPU.Build.0 = Release|Any CPU
		{8A97C225-DD6B-4DF4-9F7B-EAE50E83D3E3}.Release|x64.ActiveCfg = Release|Any CPU
		{8A97C225-DD6B-4DF4-9F7B-EAE50E83D3E3}.Release|x64.Build.0 = Release|Any CPU
		{8A97C225-DD6B-4DF4-9F7B-EAE50E83D3E3}.Release|x86.ActiveCfg = Release|Any CPU
		{8A97C225-DD6B-4DF4-9F7B-EAE50E83D3E3}.Release|x86.Build.0 = Release|Any CPU
	EndGlobalSection
	GlobalSection(SolutionProperties) = preSolution
		HideSolutionNode = FALSE
	EndGlobalSection
	GlobalSection(ExtensibilityGlobals) = postSolution
		SolutionGuid = {240C4B86-42FC-4164-9372-B0E42683D109}
	EndGlobalSection
EndGlobal
